{
  "nodes": {
    "fenix": {
      "inputs": {
        "nixpkgs": [
          "nixpkgs"
        ],
        "rust-analyzer-src": "rust-analyzer-src"
      },
      "locked": {
        "lastModified": 1753339339,
        "narHash": "sha256-r9Frae3VnbgKrWWQcV6WEykm6PxfPHVrxdOqgyt1VcU=",
        "owner": "nix-community",
        "repo": "fenix",
        "rev": "af1c3d7dd242ebf50ac75665d5c44af79730b491",
        "type": "github"
      },
      "original": {
        "owner": "nix-community",
        "repo": "fenix",
        "type": "github"
      }
    },
    "flake-parts": {
      "inputs": {
        "nixpkgs-lib": "nixpkgs-lib"
      },
      "locked": {
        "lastModified": 1753121425,
        "narHash": "sha256-TVcTNvOeWWk1DXljFxVRp+E0tzG1LhrVjOGGoMHuXio=",
        "owner": "hercules-ci",
        "repo": "flake-parts",
        "rev": "644e0fc48951a860279da645ba77fe4a6e814c5e",
        "type": "github"
      },
      "original": {
        "owner": "hercules-ci",
        "repo": "flake-parts",
        "type": "github"
      }
    },
    "nixpkgs": {
      "locked": {
        "lastModified": 1753250450,
        "narHash": "sha256-i+CQV2rPmP8wHxj0aq4siYyohHwVlsh40kV89f3nw1s=",
        "owner": "NixOS",
        "repo": "nixpkgs",
        "rev": "fc02ee70efb805d3b2865908a13ddd4474557ecf",
        "type": "github"
      },
      "original": {
        "owner": "NixOS",
        "ref": "nixos-unstable",
        "repo": "nixpkgs",
        "type": "github"
      }
    },
    "nixpkgs-for-z3": {
      "locked": {
        "lastModified": 1735160951,
        "narHash": "sha256-9h91U6BBNnzShwzlC+r/aXB+WyN3S140lYQbHH95bc0=",
        "owner": "NixOS",
        "repo": "nixpkgs",
        "rev": "c792c60b8a97daa7efe41a6e4954497ae410e0c1",
        "type": "github"
      },
      "original": {
        "owner": "NixOS",
        "repo": "nixpkgs",
        "rev": "c792c60b8a97daa7efe41a6e4954497ae410e0c1",
        "type": "github"
      }
    },
    "nixpkgs-lib": {
      "locked": {
        "lastModified": 1751159883,
        "narHash": "sha256-urW/Ylk9FIfvXfliA1ywh75yszAbiTEVgpPeinFyVZo=",
        "owner": "nix-community",
        "repo": "nixpkgs.lib",
        "rev": "14a40a1d7fb9afa4739275ac642ed7301a9ba1ab",
        "type": "github"
      },
      "original": {
        "owner": "nix-community",
        "repo": "nixpkgs.lib",
        "type": "github"
      }
    },
    "root": {
      "inputs": {
        "fenix": "fenix",
        "flake-parts": "flake-parts",
        "nixpkgs": "nixpkgs",
        "nixpkgs-for-z3": "nixpkgs-for-z3",
        "verus-lib": "verus-lib"
      }
    },
    "rust-analyzer-src": {
      "flake": false,
      "locked": {
        "lastModified": 1753282007,
        "narHash": "sha256-PgTUdSShfGVqZtDJk5noAB1rKdD/MeZ1zq4jY8n9p3c=",
        "owner": "rust-lang",
        "repo": "rust-analyzer",
        "rev": "b5b10fb10facef4d18b4cae8ef22e640ca601255",
        "type": "github"
      },
      "original": {
        "owner": "rust-lang",
        "ref": "nightly",
        "repo": "rust-analyzer",
        "type": "github"
      }
    },
    "verus-lib": {
      "flake": false,
      "locked": {
        "lastModified": 1747219322,
        "narHash": "sha256-TeoMUYA4vrBJ7Pn4CuJ3bK9RF/0P/RKgSSBwICpKQnc=",
        "owner": "Aristotelis2002",
        "repo": "verus-lib",
        "rev": "c70463ee9f1073f760dc23c289e6718f4614d8fd",
        "type": "github"
      },
      "original": {
        "owner": "Aristotelis2002",
        "ref": "synced_main",
        "repo": "verus-lib",
        "type": "github"
      }
    }
  },
  "root": "root",
  "version": 7
}
