{
  "nodes": {
    "fenix": {
      "inputs": {
        "nixpkgs": [
          "nixpkgs"
        ],
        "rust-analyzer-src": "rust-analyzer-src"
      },
      "locked": {
        "lastModified": 1748846362,
        "narHash": "sha256-D2LUpaxJFrkahPE1U6S01u1ZY9Wsr82jOSjAVoIZ/hs=",
        "owner": "nix-community",
        "repo": "fenix",
        "rev": "6a5e421c05cb29bffecdb3a1c3c80cec22d62efd",
        "type": "github"
      },
      "original": {
        "owner": "nix-community",
        "repo": "fenix",
        "type": "github"
      }
    },
    "flake-parts": {
      "inputs": {
        "nixpkgs-lib": "nixpkgs-lib"
      },
      "locked": {
        "lastModified": 1748821116,
        "narHash": "sha256-F82+gS044J1APL0n4hH50GYdPRv/5JWm34oCJYmVKdE=",
        "owner": "hercules-ci",
        "repo": "flake-parts",
        "rev": "49f0870db23e8c1ca0b5259734a02cd9e1e371a1",
        "type": "github"
      },
      "original": {
        "owner": "hercules-ci",
        "repo": "flake-parts",
        "type": "github"
      }
    },
    "nixpkgs": {
      "locked": {
        "lastModified": 1748693115,
        "narHash": "sha256-StSrWhklmDuXT93yc3GrTlb0cKSS0agTAxMGjLKAsY8=",
        "owner": "NixOS",
        "repo": "nixpkgs",
        "rev": "910796cabe436259a29a72e8d3f5e180fc6dfacc",
        "type": "github"
      },
      "original": {
        "owner": "NixOS",
        "ref": "nixos-unstable",
        "repo": "nixpkgs",
        "type": "github"
      }
    },
    "nixpkgs-for-z3": {
      "locked": {
        "lastModified": 1735160951,
        "narHash": "sha256-9h91U6BBNnzShwzlC+r/aXB+WyN3S140lYQbHH95bc0=",
        "owner": "NixOS",
        "repo": "nixpkgs",
        "rev": "c792c60b8a97daa7efe41a6e4954497ae410e0c1",
        "type": "github"
      },
      "original": {
        "owner": "NixOS",
        "repo": "nixpkgs",
        "rev": "c792c60b8a97daa7efe41a6e4954497ae410e0c1",
        "type": "github"
      }
    },
    "nixpkgs-lib": {
      "locked": {
        "lastModified": 1748740939,
        "narHash": "sha256-rQaysilft1aVMwF14xIdGS3sj1yHlI6oKQNBRTF40cc=",
        "owner": "nix-community",
        "repo": "nixpkgs.lib",
        "rev": "656a64127e9d791a334452c6b6606d17539476e2",
        "type": "github"
      },
      "original": {
        "owner": "nix-community",
        "repo": "nixpkgs.lib",
        "type": "github"
      }
    },
    "root": {
      "inputs": {
        "fenix": "fenix",
        "flake-parts": "flake-parts",
        "nixpkgs": "nixpkgs",
        "nixpkgs-for-z3": "nixpkgs-for-z3",
        "verus-lib": "verus-lib"
      }
    },
    "rust-analyzer-src": {
      "flake": false,
      "locked": {
        "lastModified": 1748695646,
        "narHash": "sha256-VwSuuRF4NvAoeHZJRRlX8zAFZ+nZyuiIvmVqBAX0Bcg=",
        "owner": "rust-lang",
        "repo": "rust-analyzer",
        "rev": "2a388d1103450d814a84eda98efe89c01b158343",
        "type": "github"
      },
      "original": {
        "owner": "rust-lang",
        "ref": "nightly",
        "repo": "rust-analyzer",
        "type": "github"
      }
    },
    "verus-lib": {
      "flake": false,
      "locked": {
        "lastModified": 1747219322,
        "narHash": "sha256-TeoMUYA4vrBJ7Pn4CuJ3bK9RF/0P/RKgSSBwICpKQnc=",
        "owner": "Aristotelis2002",
        "repo": "verus-lib",
        "rev": "c70463ee9f1073f760dc23c289e6718f4614d8fd",
        "type": "github"
      },
      "original": {
        "owner": "Aristotelis2002",
        "ref": "synced_main",
        "repo": "verus-lib",
        "type": "github"
      }
    }
  },
  "root": "root",
  "version": 7
}
